
Microsoft Visual Studio Solution File, Format Version 12.00
# Visual Studio Version 17
VisualStudioVersion = 17.10.34928.147
MinimumVisualStudioVersion = 10.0.40219.1
Project("{8BC9CEB8-8B4A-11D0-8D11-00A0C91BC942}") = "1000_MyHelpers", "1000_MyHelpers.vcxproj", "{BE9D218D-73A6-46E6-AE46-E88110FD937F}"
EndProject
Global
	GlobalSection(SolutionConfigurationPlatforms) = preSolution
		Debug|x64 = Debug|x64
		Debug|x86 = Debug|x86
		Release|x64 = Release|x64
		Release|x86 = Release|x86
	EndGlobalSection
	GlobalSection(ProjectConfigurationPlatforms) = postSolution
		{BE9D218D-73A6-46E6-AE46-E88110FD937F}.Debug|x64.ActiveCfg = Debug|x64
		{BE9D218D-73A6-46E6-AE46-E88110FD937F}.Debug|x64.Build.0 = Debug|x64
		{BE9D218D-73A6-46E6-AE46-E88110FD937F}.Debug|x86.ActiveCfg = Debug|Win32
		{BE9D218D-73A6-46E6-AE46-E88110FD937F}.Debug|x86.Build.0 = Debug|Win32
		{BE9D218D-73A6-46E6-AE46-E88110FD937F}.Release|x64.ActiveCfg = Release|x64
		{BE9D218D-73A6-46E6-AE46-E88110FD937F}.Release|x64.Build.0 = Release|x64
		{BE9D218D-73A6-46E6-AE46-E88110FD937F}.Release|x86.ActiveCfg = Release|Win32
		{BE9D218D-73A6-46E6-AE46-E88110FD937F}.Release|x86.Build.0 = Release|Win32
	EndGlobalSection
	GlobalSection(SolutionProperties) = preSolution
		HideSolutionNode = FALSE
	EndGlobalSection
	GlobalSection(ExtensibilityGlobals) = postSolution
		SolutionGuid = {8CB9CAD0-FA94-4BAC-93AC-508816B94F78}
	EndGlobalSection
EndGlobal
