
Microsoft Visual Studio Solution File, Format Version 12.00
# Visual Studio Version 17
VisualStudioVersion = 17.10.34928.147
MinimumVisualStudioVersion = 10.0.40219.1
Project("{8BC9CEB8-8B4A-11D0-8D11-00A0C91BC942}") = "003_FullName", "003_FullName.vcxproj", "{7B98F8FD-C09D-4350-85A9-15F383B36D14}"
EndProject
Global
	GlobalSection(SolutionConfigurationPlatforms) = preSolution
		Debug|x64 = Debug|x64
		Debug|x86 = Debug|x86
		Release|x64 = Release|x64
		Release|x86 = Release|x86
	EndGlobalSection
	GlobalSection(ProjectConfigurationPlatforms) = postSolution
		{7B98F8FD-C09D-4350-85A9-15F383B36D14}.Debug|x64.ActiveCfg = Debug|x64
		{7B98F8FD-C09D-4350-85A9-15F383B36D14}.Debug|x64.Build.0 = Debug|x64
		{7B98F8FD-C09D-4350-85A9-15F383B36D14}.Debug|x86.ActiveCfg = Debug|Win32
		{7B98F8FD-C09D-4350-85A9-15F383B36D14}.Debug|x86.Build.0 = Debug|Win32
		{7B98F8FD-C09D-4350-85A9-15F383B36D14}.Release|x64.ActiveCfg = Release|x64
		{7B98F8FD-C09D-4350-85A9-15F383B36D14}.Release|x64.Build.0 = Release|x64
		{7B98F8FD-C09D-4350-85A9-15F383B36D14}.Release|x86.ActiveCfg = Release|Win32
		{7B98F8FD-C09D-4350-85A9-15F383B36D14}.Release|x86.Build.0 = Release|Win32
	EndGlobalSection
	GlobalSection(SolutionProperties) = preSolution
		HideSolutionNode = FALSE
	EndGlobalSection
	GlobalSection(ExtensibilityGlobals) = postSolution
		SolutionGuid = {D4C3066F-71E7-40FD-AD16-C59FE37D1B27}
	EndGlobalSection
EndGlobal
